github.com/coreos/go-systemd v0.0.0-20181031085051-9002847aa142 h1:3jFq2xL4ZajGK4aZY8jz+DAF0FHjI51BXjjSwCzS1Dk=
github.com/coreos/go-systemd v0.0.0-20181031085051-9002847aa142/go.mod h1:F5haX7vjVVG0kc13fIWeqUViNPyEJxv/OmvnBo0Yme4=
github.com/davecgh/go-spew v1.1.1/go.mod h1:J7Y8YcW2NihsgmVo/mv3lAwl/skON4iLHjSsI+c5H38=
github.com/pmezard/go-difflib v1.0.0/go.mod h1:iKH77koFhYxTK1pcRnkKkqfTogsbg7gZNVY4sRDYZ/4=
github.com/stretchr/testify v1.2.2/go.mod h1:a8OnRcib4nhh0OaRAV+Yts87kKdq0PP7pXfy6kDkUVs=
hawx.me/code/route v1.0.0 h1:oSH04y0xTXUY5dflvRyUYl+yqs5J/lDvbOwMJc80sYY=
hawx.me/code/route v1.0.0/go.mod h1:SKWPgx9IKsK2Yy66xj1bSRBOTMwR6kFQcLMjgajaeAc=
hawx.me/code/serve v0.0.0-20190207181551-eb94630184cf h1:8rHeLEfK+pyTPkL/kH5THN2HgtfbuMeHnnneMFijo3Y=
hawx.me/code/serve v0.0.0-20190207181551-eb94630184cf/go.mod h1:3Nhu3uATqipwDDYpeaS/SEIBvC2vbO0hdqYmHffpwRU=
